{
  "version": "3",
  "packages": {
    "specifiers": {
      "npm:html-rewriter-wasm@^0.4.1": "npm:html-rewriter-wasm@0.4.1",
      "npm:marked@^12.0.2": "npm:marked@12.0.2",
      "npm:urlpattern-polyfill@^10.0.0": "npm:urlpattern-polyfill@10.0.0"
    },
    "npm": {
      "html-rewriter-wasm@0.4.1": {
        "integrity": "sha512-lNovG8CMCCmcVB1Q7xggMSf7tqPCijZXaH4gL6iE8BFghdQCbaY5Met9i1x2Ex8m/cZHDUtXK9H6/znKamRP8Q==",
        "dependencies": {}
      },
      "marked@12.0.2": {
        "integrity": "sha512-qXUm7e/YKFoqFPYPa3Ukg9xlI5cyAtGmyEIzMfW//m6kXwCy2Ps9DYf5ioijFKQ8qyuscrHoY04iJGctu2Kg0Q==",
        "dependencies": {}
      },
      "urlpattern-polyfill@10.0.0": {
        "integrity": "sha512-H/A06tKD7sS1O1X2SshBVeA5FLycRpjqiBeqGKmBwBDBy28EnRjORxTNe269KSSr5un5qyWi1iL61wLxpd+ZOg==",
        "dependencies": {}
      }
    }
  },
  "remote": {},
  "workspace": {
    "dependencies": [
      "npm:html-rewriter-wasm@^0.4.1",
      "npm:marked@^12.0.2",
      "npm:urlpattern-polyfill@^10.0.0"
    ],
    "packageJson": {
      "dependencies": [
        "npm:html-rewriter-wasm@^0.4.1",
        "npm:marked@^12.0.2",
        "npm:urlpattern-polyfill@^10.0.0"
      ]
    }
  }
}
